
Microsoft Visual Studio Solution File, Format Version 12.00
# Visual Studio 15
VisualStudioVersion = 15.0.28010.2003
MinimumVisualStudioVersion = 10.0.40219.1
Project("{FAE04EC0-301F-11D3-BF4B-00C04F79EFBC}") = "Variabler", "Variabler\Variabler.csproj", "{4E9CFED7-229C-417E-A093-683FCCB98650}"
EndProject
Project("{FAE04EC0-301F-11D3-BF4B-00C04F79EFBC}") = "Opgave 1 Variabler", "Opgave 1 Variabler\Opgave 1 Variabler.csproj", "{3977512A-DE33-4BFF-B995-45E415C5B42B}"
EndProject
Project("{FAE04EC0-301F-11D3-BF4B-00C04F79EFBC}") = "Ninja app", "Ninja app\Ninja app.csproj", "{D3C912AE-59A9-44E7-B994-BF1ACE7AF478}"
EndProject
Project("{FAE04EC0-301F-11D3-BF4B-00C04F79EFBC}") = "Opgave 2 - Datoopgave", "Opgave 2 - Datoopgave\Opgave 2 - Datoopgave.csproj", "{1A077555-55EB-43B6-9DBB-3705D61EE898}"
EndProject
Project("{FAE04EC0-301F-11D3-BF4B-00C04F79EFBC}") = "Variabler 2", "Variabler 2\Variabler 2.csproj", "{1234C720-6F11-4E39-8578-22944FDF7CC9}"
EndProject
Project("{FAE04EC0-301F-11D3-BF4B-00C04F79EFBC}") = "Opgave - enum", "Opgave enum\Opgave - enum.csproj", "{623A685F-3DA9-4E6F-BB98-A64A60F72E25}"
EndProject
Project("{FAE04EC0-301F-11D3-BF4B-00C04F79EFBC}") = "10 tabel", "10 tabel\10 tabel.csproj", "{53F7D327-6374-45BD-8C92-F4F9AAC54389}"
EndProject
Project("{FAE04EC0-301F-11D3-BF4B-00C04F79EFBC}") = "Undervisning", "Undervisning\Undervisning.csproj", "{DAF2B6E7-F50C-45F1-855A-13FC4F79501D}"
EndProject
Project("{FAE04EC0-301F-11D3-BF4B-00C04F79EFBC}") = "Små metoder", "Små metoder\Små metoder.csproj", "{399DC7A7-A6BD-41EE-ABA3-AFD53D91E168}"
EndProject
Project("{FAE04EC0-301F-11D3-BF4B-00C04F79EFBC}") = "Overload", "Overload\Overload.csproj", "{404B31CF-D964-4FD5-985A-77F9230C2496}"
EndProject
Project("{FAE04EC0-301F-11D3-BF4B-00C04F79EFBC}") = "Rekursion", "Rekursion\Rekursion.csproj", "{B95EC180-DA0F-4ED7-84A4-F8D3CB21D3E7}"
EndProject
Project("{FAE04EC0-301F-11D3-BF4B-00C04F79EFBC}") = "Simpel fejlhåndtering", "Simpel fejlhåndtering\Simpel fejlhåndtering.csproj", "{BBFECC84-F254-45A8-857D-903F3F478A43}"
EndProject
Project("{FAE04EC0-301F-11D3-BF4B-00C04F79EFBC}") = "Logdemo", "Logdemo\Logdemo.csproj", "{2B3886B4-B961-492E-8BE0-134085F1D25F}"
EndProject
Project("{FAE04EC0-301F-11D3-BF4B-00C04F79EFBC}") = "Klasser (simpel klasse)", "Klasser (simpel klasse)\Klasser (simpel klasse).csproj", "{E1B18A56-2608-451C-AC65-9E3C5CB6A57E}"
EndProject
Project("{FAE04EC0-301F-11D3-BF4B-00C04F79EFBC}") = "Klasser (Terning)", "Klasser (Terning)\Klasser (Terning).csproj", "{A4C583FB-B63E-4A17-88C4-AB6E0273F5DD}"
EndProject
Project("{FAE04EC0-301F-11D3-BF4B-00C04F79EFBC}") = "Klasser (statisk)", "Klasser (statisk)\Klasser (statisk).csproj", "{BC0A4634-62BC-45A2-AC83-E643458B2974}"
EndProject
Project("{FAE04EC0-301F-11D3-BF4B-00C04F79EFBC}") = "Indkapsling (simpel egenskab)", "Indkapsling (simpel egenskab)\Indkapsling (simpel egenskab).csproj", "{F506A617-B600-43E7-BF60-C721A16EECD1}"
EndProject
Project("{FAE04EC0-301F-11D3-BF4B-00C04F79EFBC}") = "Egenskaber (automatisk egenskab)", "Egenskaber (automatisk egenskab)\Egenskaber (automatisk egenskab).csproj", "{E5B8A77A-26B2-4CEA-A95D-CE903AF435D2}"
EndProject
Project("{FAE04EC0-301F-11D3-BF4B-00C04F79EFBC}") = "Arrays (simpel)", "Arrays (simpel)\Arrays (simpel).csproj", "{3A1270AA-57A3-4A01-BE49-D19B6AAC4723}"
EndProject
Project("{FAE04EC0-301F-11D3-BF4B-00C04F79EFBC}") = "Samlinger (simpel)", "Samlinger (simpel)\Samlinger (simpel).csproj", "{C5510244-4574-47A1-BE16-486A37A6F8E7}"
EndProject
Project("{FAE04EC0-301F-11D3-BF4B-00C04F79EFBC}") = "Samlinger (stack)", "Samlinger (stack)\Samlinger (stack).csproj", "{B021EF54-2AD2-478A-ABF3-3618424B8E53}"
EndProject
Project("{FAE04EC0-301F-11D3-BF4B-00C04F79EFBC}") = "Arv (simpel)", "Arv (simpel)\Arv (simpel).csproj", "{C1AB3C0B-2A8C-46E3-B6BF-11B8B24F842A}"
EndProject
Project("{FAE04EC0-301F-11D3-BF4B-00C04F79EFBC}") = "Arv (Ud System.Random)", "Arv (Ud System.Random)\Arv (Ud System.Random).csproj", "{3A43A5C8-538C-4655-B8C1-5AB6EB6E1B27}"
EndProject
Project("{FAE04EC0-301F-11D3-BF4B-00C04F79EFBC}") = "Arv (Polymorfi)", "Arv (Polymorfi)\Arv (Polymorfi).csproj", "{0997DC23-E120-4CF2-B67C-47BDAAB046C5}"
EndProject
Project("{FAE04EC0-301F-11D3-BF4B-00C04F79EFBC}") = "Arv (Terning)", "Arv (Terning)\Arv (Terning).csproj", "{4EA97ADD-B560-4AED-A325-5D764BEF0403}"
EndProject
Global
	GlobalSection(SolutionConfigurationPlatforms) = preSolution
		Debug|Any CPU = Debug|Any CPU
		Release|Any CPU = Release|Any CPU
	EndGlobalSection
	GlobalSection(ProjectConfigurationPlatforms) = postSolution
		{4E9CFED7-229C-417E-A093-683FCCB98650}.Debug|Any CPU.ActiveCfg = Debug|Any CPU
		{4E9CFED7-229C-417E-A093-683FCCB98650}.Debug|Any CPU.Build.0 = Debug|Any CPU
		{4E9CFED7-229C-417E-A093-683FCCB98650}.Release|Any CPU.ActiveCfg = Release|Any CPU
		{4E9CFED7-229C-417E-A093-683FCCB98650}.Release|Any CPU.Build.0 = Release|Any CPU
		{3977512A-DE33-4BFF-B995-45E415C5B42B}.Debug|Any CPU.ActiveCfg = Debug|Any CPU
		{3977512A-DE33-4BFF-B995-45E415C5B42B}.Debug|Any CPU.Build.0 = Debug|Any CPU
		{3977512A-DE33-4BFF-B995-45E415C5B42B}.Release|Any CPU.ActiveCfg = Release|Any CPU
		{3977512A-DE33-4BFF-B995-45E415C5B42B}.Release|Any CPU.Build.0 = Release|Any CPU
		{D3C912AE-59A9-44E7-B994-BF1ACE7AF478}.Debug|Any CPU.ActiveCfg = Debug|Any CPU
		{D3C912AE-59A9-44E7-B994-BF1ACE7AF478}.Debug|Any CPU.Build.0 = Debug|Any CPU
		{D3C912AE-59A9-44E7-B994-BF1ACE7AF478}.Release|Any CPU.ActiveCfg = Release|Any CPU
		{D3C912AE-59A9-44E7-B994-BF1ACE7AF478}.Release|Any CPU.Build.0 = Release|Any CPU
		{1A077555-55EB-43B6-9DBB-3705D61EE898}.Debug|Any CPU.ActiveCfg = Debug|Any CPU
		{1A077555-55EB-43B6-9DBB-3705D61EE898}.Debug|Any CPU.Build.0 = Debug|Any CPU
		{1A077555-55EB-43B6-9DBB-3705D61EE898}.Release|Any CPU.ActiveCfg = Release|Any CPU
		{1A077555-55EB-43B6-9DBB-3705D61EE898}.Release|Any CPU.Build.0 = Release|Any CPU
		{1234C720-6F11-4E39-8578-22944FDF7CC9}.Debug|Any CPU.ActiveCfg = Debug|Any CPU
		{1234C720-6F11-4E39-8578-22944FDF7CC9}.Debug|Any CPU.Build.0 = Debug|Any CPU
		{1234C720-6F11-4E39-8578-22944FDF7CC9}.Release|Any CPU.ActiveCfg = Release|Any CPU
		{1234C720-6F11-4E39-8578-22944FDF7CC9}.Release|Any CPU.Build.0 = Release|Any CPU
		{623A685F-3DA9-4E6F-BB98-A64A60F72E25}.Debug|Any CPU.ActiveCfg = Debug|Any CPU
		{623A685F-3DA9-4E6F-BB98-A64A60F72E25}.Debug|Any CPU.Build.0 = Debug|Any CPU
		{623A685F-3DA9-4E6F-BB98-A64A60F72E25}.Release|Any CPU.ActiveCfg = Release|Any CPU
		{623A685F-3DA9-4E6F-BB98-A64A60F72E25}.Release|Any CPU.Build.0 = Release|Any CPU
		{53F7D327-6374-45BD-8C92-F4F9AAC54389}.Debug|Any CPU.ActiveCfg = Debug|Any CPU
		{53F7D327-6374-45BD-8C92-F4F9AAC54389}.Debug|Any CPU.Build.0 = Debug|Any CPU
		{53F7D327-6374-45BD-8C92-F4F9AAC54389}.Release|Any CPU.ActiveCfg = Release|Any CPU
		{53F7D327-6374-45BD-8C92-F4F9AAC54389}.Release|Any CPU.Build.0 = Release|Any CPU
		{DAF2B6E7-F50C-45F1-855A-13FC4F79501D}.Debug|Any CPU.ActiveCfg = Debug|Any CPU
		{DAF2B6E7-F50C-45F1-855A-13FC4F79501D}.Debug|Any CPU.Build.0 = Debug|Any CPU
		{DAF2B6E7-F50C-45F1-855A-13FC4F79501D}.Release|Any CPU.ActiveCfg = Release|Any CPU
		{DAF2B6E7-F50C-45F1-855A-13FC4F79501D}.Release|Any CPU.Build.0 = Release|Any CPU
		{399DC7A7-A6BD-41EE-ABA3-AFD53D91E168}.Debug|Any CPU.ActiveCfg = Debug|Any CPU
		{399DC7A7-A6BD-41EE-ABA3-AFD53D91E168}.Debug|Any CPU.Build.0 = Debug|Any CPU
		{399DC7A7-A6BD-41EE-ABA3-AFD53D91E168}.Release|Any CPU.ActiveCfg = Release|Any CPU
		{399DC7A7-A6BD-41EE-ABA3-AFD53D91E168}.Release|Any CPU.Build.0 = Release|Any CPU
		{404B31CF-D964-4FD5-985A-77F9230C2496}.Debug|Any CPU.ActiveCfg = Debug|Any CPU
		{404B31CF-D964-4FD5-985A-77F9230C2496}.Debug|Any CPU.Build.0 = Debug|Any CPU
		{404B31CF-D964-4FD5-985A-77F9230C2496}.Release|Any CPU.ActiveCfg = Release|Any CPU
		{404B31CF-D964-4FD5-985A-77F9230C2496}.Release|Any CPU.Build.0 = Release|Any CPU
		{B95EC180-DA0F-4ED7-84A4-F8D3CB21D3E7}.Debug|Any CPU.ActiveCfg = Debug|Any CPU
		{B95EC180-DA0F-4ED7-84A4-F8D3CB21D3E7}.Debug|Any CPU.Build.0 = Debug|Any CPU
		{B95EC180-DA0F-4ED7-84A4-F8D3CB21D3E7}.Release|Any CPU.ActiveCfg = Release|Any CPU
		{B95EC180-DA0F-4ED7-84A4-F8D3CB21D3E7}.Release|Any CPU.Build.0 = Release|Any CPU
		{BBFECC84-F254-45A8-857D-903F3F478A43}.Debug|Any CPU.ActiveCfg = Debug|Any CPU
		{BBFECC84-F254-45A8-857D-903F3F478A43}.Debug|Any CPU.Build.0 = Debug|Any CPU
		{BBFECC84-F254-45A8-857D-903F3F478A43}.Release|Any CPU.ActiveCfg = Release|Any CPU
		{BBFECC84-F254-45A8-857D-903F3F478A43}.Release|Any CPU.Build.0 = Release|Any CPU
		{2B3886B4-B961-492E-8BE0-134085F1D25F}.Debug|Any CPU.ActiveCfg = Debug|Any CPU
		{2B3886B4-B961-492E-8BE0-134085F1D25F}.Debug|Any CPU.Build.0 = Debug|Any CPU
		{2B3886B4-B961-492E-8BE0-134085F1D25F}.Release|Any CPU.ActiveCfg = Release|Any CPU
		{2B3886B4-B961-492E-8BE0-134085F1D25F}.Release|Any CPU.Build.0 = Release|Any CPU
		{E1B18A56-2608-451C-AC65-9E3C5CB6A57E}.Debug|Any CPU.ActiveCfg = Debug|Any CPU
		{E1B18A56-2608-451C-AC65-9E3C5CB6A57E}.Debug|Any CPU.Build.0 = Debug|Any CPU
		{E1B18A56-2608-451C-AC65-9E3C5CB6A57E}.Release|Any CPU.ActiveCfg = Release|Any CPU
		{E1B18A56-2608-451C-AC65-9E3C5CB6A57E}.Release|Any CPU.Build.0 = Release|Any CPU
		{A4C583FB-B63E-4A17-88C4-AB6E0273F5DD}.Debug|Any CPU.ActiveCfg = Debug|Any CPU
		{A4C583FB-B63E-4A17-88C4-AB6E0273F5DD}.Debug|Any CPU.Build.0 = Debug|Any CPU
		{A4C583FB-B63E-4A17-88C4-AB6E0273F5DD}.Release|Any CPU.ActiveCfg = Release|Any CPU
		{A4C583FB-B63E-4A17-88C4-AB6E0273F5DD}.Release|Any CPU.Build.0 = Release|Any CPU
		{BC0A4634-62BC-45A2-AC83-E643458B2974}.Debug|Any CPU.ActiveCfg = Debug|Any CPU
		{BC0A4634-62BC-45A2-AC83-E643458B2974}.Debug|Any CPU.Build.0 = Debug|Any CPU
		{BC0A4634-62BC-45A2-AC83-E643458B2974}.Release|Any CPU.ActiveCfg = Release|Any CPU
		{BC0A4634-62BC-45A2-AC83-E643458B2974}.Release|Any CPU.Build.0 = Release|Any CPU
		{F506A617-B600-43E7-BF60-C721A16EECD1}.Debug|Any CPU.ActiveCfg = Debug|Any CPU
		{F506A617-B600-43E7-BF60-C721A16EECD1}.Debug|Any CPU.Build.0 = Debug|Any CPU
		{F506A617-B600-43E7-BF60-C721A16EECD1}.Release|Any CPU.ActiveCfg = Release|Any CPU
		{F506A617-B600-43E7-BF60-C721A16EECD1}.Release|Any CPU.Build.0 = Release|Any CPU
		{E5B8A77A-26B2-4CEA-A95D-CE903AF435D2}.Debug|Any CPU.ActiveCfg = Debug|Any CPU
		{E5B8A77A-26B2-4CEA-A95D-CE903AF435D2}.Debug|Any CPU.Build.0 = Debug|Any CPU
		{E5B8A77A-26B2-4CEA-A95D-CE903AF435D2}.Release|Any CPU.ActiveCfg = Release|Any CPU
		{E5B8A77A-26B2-4CEA-A95D-CE903AF435D2}.Release|Any CPU.Build.0 = Release|Any CPU
		{3A1270AA-57A3-4A01-BE49-D19B6AAC4723}.Debug|Any CPU.ActiveCfg = Debug|Any CPU
		{3A1270AA-57A3-4A01-BE49-D19B6AAC4723}.Debug|Any CPU.Build.0 = Debug|Any CPU
		{3A1270AA-57A3-4A01-BE49-D19B6AAC4723}.Release|Any CPU.ActiveCfg = Release|Any CPU
		{3A1270AA-57A3-4A01-BE49-D19B6AAC4723}.Release|Any CPU.Build.0 = Release|Any CPU
		{C5510244-4574-47A1-BE16-486A37A6F8E7}.Debug|Any CPU.ActiveCfg = Debug|Any CPU
		{C5510244-4574-47A1-BE16-486A37A6F8E7}.Debug|Any CPU.Build.0 = Debug|Any CPU
		{C5510244-4574-47A1-BE16-486A37A6F8E7}.Release|Any CPU.ActiveCfg = Release|Any CPU
		{C5510244-4574-47A1-BE16-486A37A6F8E7}.Release|Any CPU.Build.0 = Release|Any CPU
		{B021EF54-2AD2-478A-ABF3-3618424B8E53}.Debug|Any CPU.ActiveCfg = Debug|Any CPU
		{B021EF54-2AD2-478A-ABF3-3618424B8E53}.Debug|Any CPU.Build.0 = Debug|Any CPU
		{B021EF54-2AD2-478A-ABF3-3618424B8E53}.Release|Any CPU.ActiveCfg = Release|Any CPU
		{B021EF54-2AD2-478A-ABF3-3618424B8E53}.Release|Any CPU.Build.0 = Release|Any CPU
		{C1AB3C0B-2A8C-46E3-B6BF-11B8B24F842A}.Debug|Any CPU.ActiveCfg = Debug|Any CPU
		{C1AB3C0B-2A8C-46E3-B6BF-11B8B24F842A}.Debug|Any CPU.Build.0 = Debug|Any CPU
		{C1AB3C0B-2A8C-46E3-B6BF-11B8B24F842A}.Release|Any CPU.ActiveCfg = Release|Any CPU
		{C1AB3C0B-2A8C-46E3-B6BF-11B8B24F842A}.Release|Any CPU.Build.0 = Release|Any CPU
		{3A43A5C8-538C-4655-B8C1-5AB6EB6E1B27}.Debug|Any CPU.ActiveCfg = Debug|Any CPU
		{3A43A5C8-538C-4655-B8C1-5AB6EB6E1B27}.Debug|Any CPU.Build.0 = Debug|Any CPU
		{3A43A5C8-538C-4655-B8C1-5AB6EB6E1B27}.Release|Any CPU.ActiveCfg = Release|Any CPU
		{3A43A5C8-538C-4655-B8C1-5AB6EB6E1B27}.Release|Any CPU.Build.0 = Release|Any CPU
		{0997DC23-E120-4CF2-B67C-47BDAAB046C5}.Debug|Any CPU.ActiveCfg = Debug|Any CPU
		{0997DC23-E120-4CF2-B67C-47BDAAB046C5}.Debug|Any CPU.Build.0 = Debug|Any CPU
		{0997DC23-E120-4CF2-B67C-47BDAAB046C5}.Release|Any CPU.ActiveCfg = Release|Any CPU
		{0997DC23-E120-4CF2-B67C-47BDAAB046C5}.Release|Any CPU.Build.0 = Release|Any CPU
		{4EA97ADD-B560-4AED-A325-5D764BEF0403}.Debug|Any CPU.ActiveCfg = Debug|Any CPU
		{4EA97ADD-B560-4AED-A325-5D764BEF0403}.Debug|Any CPU.Build.0 = Debug|Any CPU
		{4EA97ADD-B560-4AED-A325-5D764BEF0403}.Release|Any CPU.ActiveCfg = Release|Any CPU
		{4EA97ADD-B560-4AED-A325-5D764BEF0403}.Release|Any CPU.Build.0 = Release|Any CPU
	EndGlobalSection
	GlobalSection(SolutionProperties) = preSolution
		HideSolutionNode = FALSE
	EndGlobalSection
	GlobalSection(ExtensibilityGlobals) = postSolution
		SolutionGuid = {B7284630-C98E-4832-B21B-87540819F8C6}
	EndGlobalSection
EndGlobal
